
Microsoft Visual Studio Solution File, Format Version 12.00
# Visual Studio Version 16
VisualStudioVersion = 16.0.30011.22
MinimumVisualStudioVersion = 10.0.40219.1
Project("{FAE04EC0-301F-11D3-BF4B-00C04F79EFBC}") = "FacturaEnOrigen", "FacturaEnOrigen\FacturaEnOrigen.csproj", "{9DF3A7CC-AAE9-4D73-9F3F-2362F419E062}"
EndProject
Global
	GlobalSection(SolutionConfigurationPlatforms) = preSolution
		Debug|Any CPU = Debug|Any CPU
		Release|Any CPU = Release|Any CPU
	EndGlobalSection
	GlobalSection(ProjectConfigurationPlatforms) = postSolution
		{9DF3A7CC-AAE9-4D73-9F3F-2362F419E062}.Debug|Any CPU.ActiveCfg = Debug|Any CPU
		{9DF3A7CC-AAE9-4D73-9F3F-2362F419E062}.Debug|Any CPU.Build.0 = Debug|Any CPU
		{9DF3A7CC-AAE9-4D73-9F3F-2362F419E062}.Release|Any CPU.ActiveCfg = Release|Any CPU
		{9DF3A7CC-AAE9-4D73-9F3F-2362F419E062}.Release|Any CPU.Build.0 = Release|Any CPU
	EndGlobalSection
	GlobalSection(SolutionProperties) = preSolution
		HideSolutionNode = FALSE
	EndGlobalSection
	GlobalSection(ExtensibilityGlobals) = postSolution
		SolutionGuid = {28DF8559-98EE-4802-B93D-A52C6F041C06}
	EndGlobalSection
EndGlobal
